
Microsoft Visual Studio Solution File, Format Version 12.00
# Visual Studio 15
VisualStudioVersion = 15.0.28307.168
MinimumVisualStudioVersion = 10.0.40219.1
Project("{FAE04EC0-301F-11D3-BF4B-00C04F79EFBC}") = "TDD_Shooter", "TDD_Shooter\TDD_Shooter.csproj", "{5ED958BE-AC11-4D21-88EA-3EF3B4D81AA7}"
EndProject
Project("{FAE04EC0-301F-11D3-BF4B-00C04F79EFBC}") = "TDD_Shooter.Tests", "TDD_Shooter.Tests\TDD_Shooter.Tests.csproj", "{527454C1-9435-4AA5-905E-D532B62360DD}"
EndProject
Global
	GlobalSection(SolutionConfigurationPlatforms) = preSolution
		Debug|ARM = Debug|ARM
		Debug|ARM64 = Debug|ARM64
		Debug|x64 = Debug|x64
		Debug|x86 = Debug|x86
		Release|ARM = Release|ARM
		Release|ARM64 = Release|ARM64
		Release|x64 = Release|x64
		Release|x86 = Release|x86
	EndGlobalSection
	GlobalSection(ProjectConfigurationPlatforms) = postSolution
		{5ED958BE-AC11-4D21-88EA-3EF3B4D81AA7}.Debug|ARM.ActiveCfg = Debug|ARM
		{5ED958BE-AC11-4D21-88EA-3EF3B4D81AA7}.Debug|ARM.Build.0 = Debug|ARM
		{5ED958BE-AC11-4D21-88EA-3EF3B4D81AA7}.Debug|ARM.Deploy.0 = Debug|ARM
		{5ED958BE-AC11-4D21-88EA-3EF3B4D81AA7}.Debug|ARM64.ActiveCfg = Debug|ARM64
		{5ED958BE-AC11-4D21-88EA-3EF3B4D81AA7}.Debug|ARM64.Build.0 = Debug|ARM64
		{5ED958BE-AC11-4D21-88EA-3EF3B4D81AA7}.Debug|ARM64.Deploy.0 = Debug|ARM64
		{5ED958BE-AC11-4D21-88EA-3EF3B4D81AA7}.Debug|x64.ActiveCfg = Debug|x64
		{5ED958BE-AC11-4D21-88EA-3EF3B4D81AA7}.Debug|x64.Build.0 = Debug|x64
		{5ED958BE-AC11-4D21-88EA-3EF3B4D81AA7}.Debug|x64.Deploy.0 = Debug|x64
		{5ED958BE-AC11-4D21-88EA-3EF3B4D81AA7}.Debug|x86.ActiveCfg = Debug|x86
		{5ED958BE-AC11-4D21-88EA-3EF3B4D81AA7}.Debug|x86.Build.0 = Debug|x86
		{5ED958BE-AC11-4D21-88EA-3EF3B4D81AA7}.Debug|x86.Deploy.0 = Debug|x86
		{5ED958BE-AC11-4D21-88EA-3EF3B4D81AA7}.Release|ARM.ActiveCfg = Release|ARM
		{5ED958BE-AC11-4D21-88EA-3EF3B4D81AA7}.Release|ARM.Build.0 = Release|ARM
		{5ED958BE-AC11-4D21-88EA-3EF3B4D81AA7}.Release|ARM.Deploy.0 = Release|ARM
		{5ED958BE-AC11-4D21-88EA-3EF3B4D81AA7}.Release|ARM64.ActiveCfg = Release|ARM64
		{5ED958BE-AC11-4D21-88EA-3EF3B4D81AA7}.Release|ARM64.Build.0 = Release|ARM64
		{5ED958BE-AC11-4D21-88EA-3EF3B4D81AA7}.Release|ARM64.Deploy.0 = Release|ARM64
		{5ED958BE-AC11-4D21-88EA-3EF3B4D81AA7}.Release|x64.ActiveCfg = Release|x64
		{5ED958BE-AC11-4D21-88EA-3EF3B4D81AA7}.Release|x64.Build.0 = Release|x64
		{5ED958BE-AC11-4D21-88EA-3EF3B4D81AA7}.Release|x64.Deploy.0 = Release|x64
		{5ED958BE-AC11-4D21-88EA-3EF3B4D81AA7}.Release|x86.ActiveCfg = Release|x86
		{5ED958BE-AC11-4D21-88EA-3EF3B4D81AA7}.Release|x86.Build.0 = Release|x86
		{5ED958BE-AC11-4D21-88EA-3EF3B4D81AA7}.Release|x86.Deploy.0 = Release|x86
		{527454C1-9435-4AA5-905E-D532B62360DD}.Debug|ARM.ActiveCfg = Debug|ARM
		{527454C1-9435-4AA5-905E-D532B62360DD}.Debug|ARM.Build.0 = Debug|ARM
		{527454C1-9435-4AA5-905E-D532B62360DD}.Debug|ARM.Deploy.0 = Debug|ARM
		{527454C1-9435-4AA5-905E-D532B62360DD}.Debug|ARM64.ActiveCfg = Debug|ARM64
		{527454C1-9435-4AA5-905E-D532B62360DD}.Debug|ARM64.Build.0 = Debug|ARM64
		{527454C1-9435-4AA5-905E-D532B62360DD}.Debug|ARM64.Deploy.0 = Debug|ARM64
		{527454C1-9435-4AA5-905E-D532B62360DD}.Debug|x64.ActiveCfg = Debug|x64
		{527454C1-9435-4AA5-905E-D532B62360DD}.Debug|x64.Build.0 = Debug|x64
		{527454C1-9435-4AA5-905E-D532B62360DD}.Debug|x64.Deploy.0 = Debug|x64
		{527454C1-9435-4AA5-905E-D532B62360DD}.Debug|x86.ActiveCfg = Debug|x86
		{527454C1-9435-4AA5-905E-D532B62360DD}.Debug|x86.Build.0 = Debug|x86
		{527454C1-9435-4AA5-905E-D532B62360DD}.Debug|x86.Deploy.0 = Debug|x86
		{527454C1-9435-4AA5-905E-D532B62360DD}.Release|ARM.ActiveCfg = Release|ARM
		{527454C1-9435-4AA5-905E-D532B62360DD}.Release|ARM.Build.0 = Release|ARM
		{527454C1-9435-4AA5-905E-D532B62360DD}.Release|ARM.Deploy.0 = Release|ARM
		{527454C1-9435-4AA5-905E-D532B62360DD}.Release|ARM64.ActiveCfg = Release|ARM64
		{527454C1-9435-4AA5-905E-D532B62360DD}.Release|ARM64.Build.0 = Release|ARM64
		{527454C1-9435-4AA5-905E-D532B62360DD}.Release|ARM64.Deploy.0 = Release|ARM64
		{527454C1-9435-4AA5-905E-D532B62360DD}.Release|x64.ActiveCfg = Release|x64
		{527454C1-9435-4AA5-905E-D532B62360DD}.Release|x64.Build.0 = Release|x64
		{527454C1-9435-4AA5-905E-D532B62360DD}.Release|x64.Deploy.0 = Release|x64
		{527454C1-9435-4AA5-905E-D532B62360DD}.Release|x86.ActiveCfg = Release|x86
		{527454C1-9435-4AA5-905E-D532B62360DD}.Release|x86.Build.0 = Release|x86
		{527454C1-9435-4AA5-905E-D532B62360DD}.Release|x86.Deploy.0 = Release|x86
	EndGlobalSection
	GlobalSection(SolutionProperties) = preSolution
		HideSolutionNode = FALSE
	EndGlobalSection
	GlobalSection(ExtensibilityGlobals) = postSolution
		SolutionGuid = {E185D272-EAA9-4DDB-88D1-02D1350488FC}
	EndGlobalSection
EndGlobal
